
Microsoft Visual Studio Solution File, Format Version 12.00
# Visual Studio Version 16
VisualStudioVersion = 16.0.29920.165
MinimumVisualStudioVersion = 10.0.40219.1
Project("{FAE04EC0-301F-11D3-BF4B-00C04F79EFBC}") = "pis", "pis\pis.csproj", "{599C4F3C-49B8-4D68-9B3B-B3E92931390E}"
EndProject
Global
	GlobalSection(SolutionConfigurationPlatforms) = preSolution
		Debug|Any CPU = Debug|Any CPU
		Release|Any CPU = Release|Any CPU
	EndGlobalSection
	GlobalSection(ProjectConfigurationPlatforms) = postSolution
		{599C4F3C-49B8-4D68-9B3B-B3E92931390E}.Debug|Any CPU.ActiveCfg = Debug|Any CPU
		{599C4F3C-49B8-4D68-9B3B-B3E92931390E}.Debug|Any CPU.Build.0 = Debug|Any CPU
		{599C4F3C-49B8-4D68-9B3B-B3E92931390E}.Release|Any CPU.ActiveCfg = Release|Any CPU
		{599C4F3C-49B8-4D68-9B3B-B3E92931390E}.Release|Any CPU.Build.0 = Release|Any CPU
	EndGlobalSection
	GlobalSection(SolutionProperties) = preSolution
		HideSolutionNode = FALSE
	EndGlobalSection
	GlobalSection(ExtensibilityGlobals) = postSolution
		SolutionGuid = {15370581-2354-4396-A0BD-916CFA31BE6A}
	EndGlobalSection
EndGlobal
